
Microsoft Visual Studio Solution File, Format Version 12.00
# Visual Studio Version 17
VisualStudioVersion = 17.0.32014.148
MinimumVisualStudioVersion = 10.0.40219.1
Project("{9A19103F-16F7-4668-BE54-9A1E7A4F7556}") = "DemoMicroservice", "DemoMicroservice.csproj", "{00FC96E4-B98E-467A-87D9-5065F13791AF}"
EndProject
Project("{E53339B2-1760-4266-BCC7-CA923CBCF16C}") = "docker-compose", "docker-compose.dcproj", "{5B28BE27-6671-4BAD-81A3-CF06E58EFB28}"
EndProject
Global
	GlobalSection(SolutionConfigurationPlatforms) = preSolution
		Debug|Any CPU = Debug|Any CPU
		Release|Any CPU = Release|Any CPU
	EndGlobalSection
	GlobalSection(ProjectConfigurationPlatforms) = postSolution
		{00FC96E4-B98E-467A-87D9-5065F13791AF}.Debug|Any CPU.ActiveCfg = Debug|Any CPU
		{00FC96E4-B98E-467A-87D9-5065F13791AF}.Debug|Any CPU.Build.0 = Debug|Any CPU
		{00FC96E4-B98E-467A-87D9-5065F13791AF}.Release|Any CPU.ActiveCfg = Release|Any CPU
		{00FC96E4-B98E-467A-87D9-5065F13791AF}.Release|Any CPU.Build.0 = Release|Any CPU
		{5B28BE27-6671-4BAD-81A3-CF06E58EFB28}.Debug|Any CPU.ActiveCfg = Debug|Any CPU
		{5B28BE27-6671-4BAD-81A3-CF06E58EFB28}.Debug|Any CPU.Build.0 = Debug|Any CPU
		{5B28BE27-6671-4BAD-81A3-CF06E58EFB28}.Release|Any CPU.ActiveCfg = Release|Any CPU
		{5B28BE27-6671-4BAD-81A3-CF06E58EFB28}.Release|Any CPU.Build.0 = Release|Any CPU
	EndGlobalSection
	GlobalSection(SolutionProperties) = preSolution
		HideSolutionNode = FALSE
	EndGlobalSection
	GlobalSection(ExtensibilityGlobals) = postSolution
		SolutionGuid = {ED6AF790-56AF-408F-89D4-746072F7DB1A}
	EndGlobalSection
EndGlobal
